
Microsoft Visual Studio Solution File, Format Version 12.00
# Visual Studio Version 17
VisualStudioVersion = 17.0.31903.59
MinimumVisualStudioVersion = 10.0.40219.1
Project("{2150E333-8FDC-42A3-9474-1A3956D46DE8}") = "src", "src", "{4560EB5A-86E4-4586-A397-08B2BF623EA2}"
EndProject
Project("{FAE04EC0-301F-11D3-BF4B-00C04F79EFBC}") = "WmsOpsConsole", "src\WmsOpsConsole\WmsOpsConsole.csproj", "{64E1E94E-D95D-4FF0-9B8A-9D170DAEE274}"
EndProject
Project("{FAE04EC0-301F-11D3-BF4B-00C04F79EFBC}") = "WmsOpsConsole.Core", "src\WmsOpsConsole.Core\WmsOpsConsole.Core.csproj", "{617F150E-8AF1-4183-8C35-BFE7E9E3B7B6}"
EndProject
Project("{2150E333-8FDC-42A3-9474-1A3956D46DE8}") = "tests", "tests", "{59A076F9-5365-4C96-9398-719FD691AB3C}"
EndProject
Project("{FAE04EC0-301F-11D3-BF4B-00C04F79EFBC}") = "WmsOpsConsole.Tests", "tests\WmsOpsConsole.Tests\WmsOpsConsole.Tests.csproj", "{6F84D56D-C033-4C41-A764-F179F3540295}"
EndProject
Global
	GlobalSection(SolutionConfigurationPlatforms) = preSolution
		Debug|Any CPU = Debug|Any CPU
		Release|Any CPU = Release|Any CPU
	EndGlobalSection
	GlobalSection(SolutionProperties) = preSolution
		HideSolutionNode = FALSE
	EndGlobalSection
	GlobalSection(ProjectConfigurationPlatforms) = postSolution
		{64E1E94E-D95D-4FF0-9B8A-9D170DAEE274}.Debug|Any CPU.ActiveCfg = Debug|Any CPU
		{64E1E94E-D95D-4FF0-9B8A-9D170DAEE274}.Debug|Any CPU.Build.0 = Debug|Any CPU
		{64E1E94E-D95D-4FF0-9B8A-9D170DAEE274}.Release|Any CPU.ActiveCfg = Release|Any CPU
		{64E1E94E-D95D-4FF0-9B8A-9D170DAEE274}.Release|Any CPU.Build.0 = Release|Any CPU
		{617F150E-8AF1-4183-8C35-BFE7E9E3B7B6}.Debug|Any CPU.ActiveCfg = Debug|Any CPU
		{617F150E-8AF1-4183-8C35-BFE7E9E3B7B6}.Debug|Any CPU.Build.0 = Debug|Any CPU
		{617F150E-8AF1-4183-8C35-BFE7E9E3B7B6}.Release|Any CPU.ActiveCfg = Release|Any CPU
		{617F150E-8AF1-4183-8C35-BFE7E9E3B7B6}.Release|Any CPU.Build.0 = Release|Any CPU
		{6F84D56D-C033-4C41-A764-F179F3540295}.Debug|Any CPU.ActiveCfg = Debug|Any CPU
		{6F84D56D-C033-4C41-A764-F179F3540295}.Debug|Any CPU.Build.0 = Debug|Any CPU
		{6F84D56D-C033-4C41-A764-F179F3540295}.Release|Any CPU.ActiveCfg = Release|Any CPU
		{6F84D56D-C033-4C41-A764-F179F3540295}.Release|Any CPU.Build.0 = Release|Any CPU
	EndGlobalSection
	GlobalSection(NestedProjects) = preSolution
		{64E1E94E-D95D-4FF0-9B8A-9D170DAEE274} = {4560EB5A-86E4-4586-A397-08B2BF623EA2}
		{617F150E-8AF1-4183-8C35-BFE7E9E3B7B6} = {4560EB5A-86E4-4586-A397-08B2BF623EA2}
		{6F84D56D-C033-4C41-A764-F179F3540295} = {59A076F9-5365-4C96-9398-719FD691AB3C}
	EndGlobalSection
EndGlobal
